
Microsoft Visual Studio Solution File, Format Version 12.00
# Visual Studio Version 16
VisualStudioVersion = 16.0.29215.179
MinimumVisualStudioVersion = 10.0.40219.1
Project("{FAE04EC0-301F-11D3-BF4B-00C04F79EFBC}") = "ConsoleApp_TEste", "ConsoleApp_TEste\ConsoleApp_TEste.csproj", "{9298A9A5-4F17-41A2-A28E-CB0864A2F82C}"
EndProject
Global
	GlobalSection(SolutionConfigurationPlatforms) = preSolution
		Debug|Any CPU = Debug|Any CPU
		Release|Any CPU = Release|Any CPU
	EndGlobalSection
	GlobalSection(ProjectConfigurationPlatforms) = postSolution
		{9298A9A5-4F17-41A2-A28E-CB0864A2F82C}.Debug|Any CPU.ActiveCfg = Debug|Any CPU
		{9298A9A5-4F17-41A2-A28E-CB0864A2F82C}.Debug|Any CPU.Build.0 = Debug|Any CPU
		{9298A9A5-4F17-41A2-A28E-CB0864A2F82C}.Release|Any CPU.ActiveCfg = Release|Any CPU
		{9298A9A5-4F17-41A2-A28E-CB0864A2F82C}.Release|Any CPU.Build.0 = Release|Any CPU
	EndGlobalSection
	GlobalSection(SolutionProperties) = preSolution
		HideSolutionNode = FALSE
	EndGlobalSection
	GlobalSection(ExtensibilityGlobals) = postSolution
		SolutionGuid = {6F1A4713-4ECE-4A24-A4DD-E8D88AD9F7F5}
	EndGlobalSection
EndGlobal
